
Microsoft Visual Studio Solution File, Format Version 12.00
# Visual Studio Version 17
VisualStudioVersion = 17.7.34031.279
MinimumVisualStudioVersion = 10.0.40219.1
Project("{FAE04EC0-301F-11D3-BF4B-00C04F79EFBC}") = "CambioMoneda", "CambioMoneda\CambioMoneda.csproj", "{7A8176F1-1B5C-4C4A-813D-765AC64B1F6A}"
	ProjectSection(ProjectDependencies) = postProject
		{68A3E4A7-119C-49C4-99DA-C74466928DA8} = {68A3E4A7-119C-49C4-99DA-C74466928DA8}
	EndProjectSection
EndProject
Project("{FAE04EC0-301F-11D3-BF4B-00C04F79EFBC}") = "postman", "postman\postman.csproj", "{68A3E4A7-119C-49C4-99DA-C74466928DA8}"
EndProject
Global
	GlobalSection(SolutionConfigurationPlatforms) = preSolution
		Debug|Any CPU = Debug|Any CPU
		Release|Any CPU = Release|Any CPU
	EndGlobalSection
	GlobalSection(ProjectConfigurationPlatforms) = postSolution
		{7A8176F1-1B5C-4C4A-813D-765AC64B1F6A}.Debug|Any CPU.ActiveCfg = Debug|Any CPU
		{7A8176F1-1B5C-4C4A-813D-765AC64B1F6A}.Debug|Any CPU.Build.0 = Debug|Any CPU
		{7A8176F1-1B5C-4C4A-813D-765AC64B1F6A}.Release|Any CPU.ActiveCfg = Release|Any CPU
		{7A8176F1-1B5C-4C4A-813D-765AC64B1F6A}.Release|Any CPU.Build.0 = Release|Any CPU
		{68A3E4A7-119C-49C4-99DA-C74466928DA8}.Debug|Any CPU.ActiveCfg = Debug|Any CPU
		{68A3E4A7-119C-49C4-99DA-C74466928DA8}.Debug|Any CPU.Build.0 = Debug|Any CPU
		{68A3E4A7-119C-49C4-99DA-C74466928DA8}.Release|Any CPU.ActiveCfg = Release|Any CPU
		{68A3E4A7-119C-49C4-99DA-C74466928DA8}.Release|Any CPU.Build.0 = Release|Any CPU
	EndGlobalSection
	GlobalSection(SolutionProperties) = preSolution
		HideSolutionNode = FALSE
	EndGlobalSection
	GlobalSection(ExtensibilityGlobals) = postSolution
		SolutionGuid = {DA775312-1289-445E-9328-1BB07853DE86}
	EndGlobalSection
EndGlobal
