
Microsoft Visual Studio Solution File, Format Version 12.00
# Visual Studio Version 17
VisualStudioVersion = 17.7.34031.279
MinimumVisualStudioVersion = 10.0.40219.1
Project("{FAE04EC0-301F-11D3-BF4B-00C04F79EFBC}") = "gestorFruteria", "gestorFruteria\gestorFruteria.csproj", "{829342C5-855C-40B5-BE4D-DB400E180C34}"
EndProject
Global
	GlobalSection(SolutionConfigurationPlatforms) = preSolution
		Debug|Any CPU = Debug|Any CPU
		Release|Any CPU = Release|Any CPU
	EndGlobalSection
	GlobalSection(ProjectConfigurationPlatforms) = postSolution
		{829342C5-855C-40B5-BE4D-DB400E180C34}.Debug|Any CPU.ActiveCfg = Debug|Any CPU
		{829342C5-855C-40B5-BE4D-DB400E180C34}.Debug|Any CPU.Build.0 = Debug|Any CPU
		{829342C5-855C-40B5-BE4D-DB400E180C34}.Release|Any CPU.ActiveCfg = Release|Any CPU
		{829342C5-855C-40B5-BE4D-DB400E180C34}.Release|Any CPU.Build.0 = Release|Any CPU
	EndGlobalSection
	GlobalSection(SolutionProperties) = preSolution
		HideSolutionNode = FALSE
	EndGlobalSection
	GlobalSection(ExtensibilityGlobals) = postSolution
		SolutionGuid = {A0E40844-64EC-4ED8-B6FF-53FACF8E2695}
	EndGlobalSection
EndGlobal
